
Microsoft Visual Studio Solution File, Format Version 12.00
# Visual Studio Version 16
VisualStudioVersion = 16.0.30804.86
MinimumVisualStudioVersion = 10.0.40219.1
Project("{9A19103F-16F7-4668-BE54-9A1E7A4F7556}") = "OptionsManager", "OptionsManager.csproj", "{10BF3C8C-66A3-4522-AE53-9331880383F2}"
	ProjectSection(ProjectDependencies) = postProject
		{1980CA78-7987-4F4D-82A0-5A989116D27F} = {1980CA78-7987-4F4D-82A0-5A989116D27F}
	EndProjectSection
EndProject
Project("{9A19103F-16F7-4668-BE54-9A1E7A4F7556}") = "Converter", "..\Converter\Converter.csproj", "{1980CA78-7987-4F4D-82A0-5A989116D27F}"
EndProject
Project("{FAE04EC0-301F-11D3-BF4B-00C04F79EFBC}") = "DataAccessLayer", "..\DataAccessLayer\DataAccessLayer.csproj", "{AF3502CA-FC39-42FE-92ED-CC2B4C89B586}"
EndProject
Global
	GlobalSection(SolutionConfigurationPlatforms) = preSolution
		Debug|Any CPU = Debug|Any CPU
		Release|Any CPU = Release|Any CPU
	EndGlobalSection
	GlobalSection(ProjectConfigurationPlatforms) = postSolution
		{10BF3C8C-66A3-4522-AE53-9331880383F2}.Debug|Any CPU.ActiveCfg = Debug|Any CPU
		{10BF3C8C-66A3-4522-AE53-9331880383F2}.Debug|Any CPU.Build.0 = Debug|Any CPU
		{10BF3C8C-66A3-4522-AE53-9331880383F2}.Release|Any CPU.ActiveCfg = Release|Any CPU
		{10BF3C8C-66A3-4522-AE53-9331880383F2}.Release|Any CPU.Build.0 = Release|Any CPU
		{1980CA78-7987-4F4D-82A0-5A989116D27F}.Debug|Any CPU.ActiveCfg = Debug|Any CPU
		{1980CA78-7987-4F4D-82A0-5A989116D27F}.Debug|Any CPU.Build.0 = Debug|Any CPU
		{1980CA78-7987-4F4D-82A0-5A989116D27F}.Release|Any CPU.ActiveCfg = Release|Any CPU
		{1980CA78-7987-4F4D-82A0-5A989116D27F}.Release|Any CPU.Build.0 = Release|Any CPU
		{AF3502CA-FC39-42FE-92ED-CC2B4C89B586}.Debug|Any CPU.ActiveCfg = Debug|Any CPU
		{AF3502CA-FC39-42FE-92ED-CC2B4C89B586}.Debug|Any CPU.Build.0 = Debug|Any CPU
		{AF3502CA-FC39-42FE-92ED-CC2B4C89B586}.Release|Any CPU.ActiveCfg = Release|Any CPU
		{AF3502CA-FC39-42FE-92ED-CC2B4C89B586}.Release|Any CPU.Build.0 = Release|Any CPU
	EndGlobalSection
	GlobalSection(SolutionProperties) = preSolution
		HideSolutionNode = FALSE
	EndGlobalSection
	GlobalSection(ExtensibilityGlobals) = postSolution
		SolutionGuid = {29F30423-AFD1-45D8-9728-5BD98DC46459}
	EndGlobalSection
EndGlobal
